<?xml version="1.0" encoding="utf-8"?>
<Project ToolsVersion="4.0" xmlns="http://schemas.microsoft.com/developer/msbuild/2003">
  <ItemGroup>
    <Filter Include="소스 파일">
      <UniqueIdentifier>{4FC737F1-C7A5-4376-A066-2A32D752A2FF}</UniqueIdentifier>
      <Extensions>cpp;c;cc;cxx;c++;cppm;ixx;def;odl;idl;hpj;bat;asm;asmx</Extensions>
    </Filter>
    <Filter Include="헤더 파일">
      <UniqueIdentifier>{93995380-89BD-4b04-88EB-625FBE52EBFB}</UniqueIdentifier>
      <Extensions>h;hh;hpp;hxx;h++;hm;inl;inc;ipp;xsd</Extensions>
    </Filter>
    <Filter Include="리소스 파일">
      <UniqueIdentifier>{67DA6AB6-F800-4c08-8B7A-83BB121AAD01}</UniqueIdentifier>
      <Extensions>rc;ico;cur;bmp;dlg;rc2;rct;bin;rgs;gif;jpg;jpeg;jpe;resx;tiff;tif;png;wav;mfcribbon-ms</Extensions>
    </Filter>
    <Filter Include="Utils">
      <UniqueIdentifier>{47dd3480-ec29-43eb-9d15-891793ef19f1}</UniqueIdentifier>
    </Filter>
    <Filter Include="External">
      <UniqueIdentifier>{ca1c7cc4-2eed-4158-929a-12f11a5730e8}</UniqueIdentifier>
    </Filter>
    <Filter Include="dx12">
      <UniqueIdentifier>{8a3dc4ca-ddb0-4ff1-ba59-d52fcd4531bc}</UniqueIdentifier>
    </Filter>
    <Filter Include="markdown">
      <UniqueIdentifier>{cc83341f-3d2a-47ad-a34e-0546a1ebe66b}</UniqueIdentifier>
    </Filter>
    <Filter Include="Input">
      <UniqueIdentifier>{802e6758-9236-43d4-aa49-3a59ebebf88a}</UniqueIdentifier>
    </Filter>
    <Filter Include="External\imgui">
      <UniqueIdentifier>{030ab9be-7c24-4a40-999c-5b6c88b69a93}</UniqueIdentifier>
    </Filter>
    <Filter Include="RenderPass">
      <UniqueIdentifier>{fa44e990-5df2-4b8d-8ed4-ba992a2b1f56}</UniqueIdentifier>
    </Filter>
    <Filter Include="RenderPass\Tonemapper">
      <UniqueIdentifier>{1ea8afc7-c8ea-4a39-99e7-071519a48a88}</UniqueIdentifier>
    </Filter>
    <Filter Include="RenderPass\SVGF">
      <UniqueIdentifier>{db1ceff4-1119-42fc-b621-6208e3832b51}</UniqueIdentifier>
    </Filter>
    <Filter Include="RenderPass\Postprocessing">
      <UniqueIdentifier>{277b88d6-4151-4953-8ff5-8c5720551f11}</UniqueIdentifier>
    </Filter>
    <Filter Include="Core">
      <UniqueIdentifier>{f8439707-e4bb-4912-84dd-20feee47338b}</UniqueIdentifier>
    </Filter>
    <Filter Include="Core\Sensor">
      <UniqueIdentifier>{0206e3de-8f79-4bb5-b104-e1ecd69a1522}</UniqueIdentifier>
    </Filter>
    <Filter Include="Core\Shape">
      <UniqueIdentifier>{16973aef-102b-41df-af66-266316fa621b}</UniqueIdentifier>
    </Filter>
    <Filter Include="Core\Texture">
      <UniqueIdentifier>{9efe0d1f-ed52-4c32-b0be-54cf783dfbee}</UniqueIdentifier>
    </Filter>
    <Filter Include="Core\Scene">
      <UniqueIdentifier>{42251d96-7730-41b6-ac90-ed6f86debe36}</UniqueIdentifier>
    </Filter>
    <Filter Include="Core\BSDF">
      <UniqueIdentifier>{77ba1171-9e53-4329-8168-704660a1da6d}</UniqueIdentifier>
    </Filter>
    <Filter Include="Core\Emitter">
      <UniqueIdentifier>{63087125-9258-4ced-856e-322a34761c56}</UniqueIdentifier>
    </Filter>
    <Filter Include="RenderPass\PathTracer">
      <UniqueIdentifier>{da728bf9-5623-4581-b74a-f2cff2d988b2}</UniqueIdentifier>
    </Filter>
    <Filter Include="RenderPass\ReSTIR">
      <UniqueIdentifier>{4982c57e-8346-4449-8f35-ac954a2ecf94}</UniqueIdentifier>
    </Filter>
  </ItemGroup>
  <ItemGroup>
    <ClCompile Include="AppCore\RenderApplication.cpp">
      <Filter>소스 파일</Filter>
    </ClCompile>
    <ClCompile Include="Scene\Sensor\Perspective.cpp">
      <Filter>Core\Sensor</Filter>
    </ClCompile>
    <ClCompile Include="Scene\BSDF\Diffuse.cpp">
      <Filter>Core\BSDF</Filter>
    </ClCompile>
    <ClCompile Include="Utils\loader_utils.cpp">
      <Filter>Utils</Filter>
    </ClCompile>
    <ClCompile Include="Scene\BSDF\Plastic.cpp">
      <Filter>Core\BSDF</Filter>
    </ClCompile>
    <ClCompile Include="Scene\BSDF\RoughPlastic.cpp">
      <Filter>Core\BSDF</Filter>
    </ClCompile>
    <ClCompile Include="Scene\BSDF\Conductor.cpp">
      <Filter>Core\BSDF</Filter>
    </ClCompile>
    <ClCompile Include="Scene\BSDF\RoughConductor.cpp">
      <Filter>Core\BSDF</Filter>
    </ClCompile>
    <ClCompile Include="Scene\BSDF\Dielectric.cpp">
      <Filter>Core\BSDF</Filter>
    </ClCompile>
    <ClCompile Include="Scene\BSDF\RoughDielectric.cpp">
      <Filter>Core\BSDF</Filter>
    </ClCompile>
    <ClCompile Include="Scene\BSDF\ThinDielectric.cpp">
      <Filter>Core\BSDF</Filter>
    </ClCompile>
    <ClCompile Include="Scene\Shape\Mesh.cpp">
      <Filter>Core\Shape</Filter>
    </ClCompile>
    <ClCompile Include="Scene\Texture\Texture.cpp">
      <Filter>Core\Texture</Filter>
    </ClCompile>
    <ClCompile Include="Utils\light_utils.cpp">
      <Filter>Utils</Filter>
    </ClCompile>
    <ClCompile Include="External\tinyxml2.cpp">
      <Filter>External</Filter>
    </ClCompile>
    <ClCompile Include="DX12\DX12BufferUtils.cpp">
      <Filter>dx12</Filter>
    </ClCompile>
    <ClCompile Include="RenderPass\PostProcessPass.cpp">
      <Filter>RenderPass\Postprocessing</Filter>
    </ClCompile>
    <ClCompile Include="AppCore\RenderTexture.cpp">
      <Filter>RenderPass\Postprocessing</Filter>
    </ClCompile>
    <ClCompile Include="AppCore\Shader.cpp">
      <Filter>소스 파일</Filter>
    </ClCompile>
    <ClCompile Include="RenderPass\SVGF\SVGFPass.cpp">
      <Filter>RenderPass\SVGF</Filter>
    </ClCompile>
    <ClCompile Include="DX12\DX12Utils.cpp">
      <Filter>dx12</Filter>
    </ClCompile>
    <ClCompile Include="RenderPass\Tonemap\ToneMapper.cpp">
      <Filter>RenderPass\Tonemapper</Filter>
    </ClCompile>
    <ClCompile Include="AppCore\HeapData.cpp">
      <Filter>dx12</Filter>
    </ClCompile>
    <ClCompile Include="..\Framework\Externals\imgui\imgui.cpp">
      <Filter>External\imgui</Filter>
    </ClCompile>
    <ClCompile Include="..\Framework\Externals\imgui\imgui_demo.cpp">
      <Filter>External\imgui</Filter>
    </ClCompile>
    <ClCompile Include="..\Framework\Externals\imgui\imgui_draw.cpp">
      <Filter>External\imgui</Filter>
    </ClCompile>
    <ClCompile Include="..\Framework\Externals\imgui\imgui_tables.cpp">
      <Filter>External\imgui</Filter>
    </ClCompile>
    <ClCompile Include="..\Framework\Externals\imgui\imgui_widgets.cpp">
      <Filter>External\imgui</Filter>
    </ClCompile>
    <ClCompile Include="..\Framework\Externals\imgui\backends\imgui_impl_dx12.cpp">
      <Filter>External\imgui</Filter>
    </ClCompile>
    <ClCompile Include="..\Framework\Externals\imgui\backends\imgui_impl_win32.cpp">
      <Filter>External\imgui</Filter>
    </ClCompile>
    <ClCompile Include="Scene\Scene.cpp">
      <Filter>Core\Scene</Filter>
    </ClCompile>
    <ClCompile Include="AppCore\SceneResourceManager.cpp">
      <Filter>Core\Scene</Filter>
    </ClCompile>
    <ClCompile Include="main.cpp">
      <Filter>소스 파일</Filter>
    </ClCompile>
    <ClCompile Include="RenderPass\ReSTIR\ReSTIR.cpp">
      <Filter>소스 파일</Filter>
    </ClCompile>
    <ClCompile Include="RenderPass\PathTracer\PathTracer.cpp">
      <Filter>소스 파일</Filter>
    </ClCompile>
    <ClCompile Include="DX12\DX12DxilLibrary.cpp">
      <Filter>소스 파일</Filter>
    </ClCompile>
    <ClCompile Include="DX12\DX12StateSubobjects.cpp">
      <Filter>소스 파일</Filter>
    </ClCompile>
    <ClCompile Include="AppCore\SceneAccelerationStructure.cpp">
      <Filter>소스 파일</Filter>
    </ClCompile>
    <ClCompile Include="DX12\DX12AccelerationStructureUtils.cpp">
      <Filter>소스 파일</Filter>
    </ClCompile>
    <ClCompile Include="RenderPass\BlendPass\BlendPass.cpp">
      <Filter>소스 파일</Filter>
    </ClCompile>
    <ClCompile Include="RenderPass\FXAA\FXAA.cpp">
      <Filter>소스 파일</Filter>
    </ClCompile>
    <ClCompile Include="RenderPass\RELAX\RELAXPass.cpp">
      <Filter>소스 파일</Filter>
    </ClCompile>
    <ClCompile Include="RenderPass\ModulateIllumination\ModulateIllumination.cpp">
      <Filter>소스 파일</Filter>
    </ClCompile>
    <ClCompile Include="RenderPass\NRDDeltaReflectionMotionVector\NRDDeltaReflectionMotionVector.cpp">
      <Filter>소스 파일</Filter>
    </ClCompile>
    <ClCompile Include="RenderPass\MotionVector\MotionVector.cpp">
      <Filter>소스 파일</Filter>
    </ClCompile>
    <ClCompile Include="RenderPass\NRDDeltaTransmissionMotionVector\NRDDeltaTransmissionMotionVector.cpp">
      <Filter>소스 파일</Filter>
    </ClCompile>
    <ClCompile Include="RenderPass\DepthDerivative\DepthDerivativePass.cpp">
      <Filter>소스 파일</Filter>
    </ClCompile>
    <ClCompile Include="RenderPass\RELAXSpecular\RELAXSpecularPass.cpp">
      <Filter>소스 파일</Filter>
    </ClCompile>
  </ItemGroup>
  <ItemGroup>
    <ClInclude Include="AppCore\RenderApplication.h">
      <Filter>헤더 파일</Filter>
    </ClInclude>
    <ClInclude Include="DX12\DX12AccelerationStructureUtils.h">
      <Filter>헤더 파일</Filter>
    </ClInclude>
    <ClInclude Include="Scene\Sensor\Perspective.h">
      <Filter>Core\Sensor</Filter>
    </ClInclude>
    <ClInclude Include="Utils\loader_utils.h">
      <Filter>Utils</Filter>
    </ClInclude>
    <ClInclude Include="Scene\Sensor\Sensor.h">
      <Filter>Core\Sensor</Filter>
    </ClInclude>
    <ClInclude Include="Scene\BSDF\BSDF.h">
      <Filter>Core\BSDF</Filter>
    </ClInclude>
    <ClInclude Include="Scene\BSDF\Diffuse.h">
      <Filter>Core\BSDF</Filter>
    </ClInclude>
    <ClInclude Include="Utils\loader_bsdf.h">
      <Filter>Utils</Filter>
    </ClInclude>
    <ClInclude Include="Scene\BSDF\Plastic.h">
      <Filter>Core\BSDF</Filter>
    </ClInclude>
    <ClInclude Include="Scene\BSDF\RoughPlastic.h">
      <Filter>Core\BSDF</Filter>
    </ClInclude>
    <ClInclude Include="Scene\BSDF\Conductor.h">
      <Filter>Core\BSDF</Filter>
    </ClInclude>
    <ClInclude Include="Scene\BSDF\RoughConductor.h">
      <Filter>Core\BSDF</Filter>
    </ClInclude>
    <ClInclude Include="Scene\BSDF\Dielectric.h">
      <Filter>Core\BSDF</Filter>
    </ClInclude>
    <ClInclude Include="Scene\BSDF\RoughDielectric.h">
      <Filter>Core\BSDF</Filter>
    </ClInclude>
    <ClInclude Include="Scene\BSDF\ThinDielectric.h">
      <Filter>Core\BSDF</Filter>
    </ClInclude>
    <ClInclude Include="Scene\Texture\Texture.h">
      <Filter>Core\Texture</Filter>
    </ClInclude>
    <ClInclude Include="Scene\Shape\Mesh.h">
      <Filter>Core\Shape</Filter>
    </ClInclude>
    <ClInclude Include="Scene\CommonStruct.h">
      <Filter>헤더 파일</Filter>
    </ClInclude>
    <ClInclude Include="Scene\Emitter\Emitter.h">
      <Filter>Core\Emitter</Filter>
    </ClInclude>
    <ClInclude Include="Utils\light_utils.h">
      <Filter>Utils</Filter>
    </ClInclude>
    <ClInclude Include="External\tinyxml2.h">
      <Filter>External</Filter>
    </ClInclude>
    <ClInclude Include="External\tiny_obj_loader.h">
      <Filter>External</Filter>
    </ClInclude>
    <ClInclude Include="External\stb_image.h">
      <Filter>External</Filter>
    </ClInclude>
    <ClInclude Include="DX12\DX12BufferUtils.h">
      <Filter>dx12</Filter>
    </ClInclude>
    <ClInclude Include="DX12\DX12Utils.h">
      <Filter>dx12</Filter>
    </ClInclude>
    <ClInclude Include="DX12\DX12DxilLibrary.h">
      <Filter>dx12</Filter>
    </ClInclude>
    <ClInclude Include="RenderPass\PostProcessPass.h">
      <Filter>RenderPass\Postprocessing</Filter>
    </ClInclude>
    <ClInclude Include="AppCore\RenderTexture.h">
      <Filter>RenderPass\Postprocessing</Filter>
    </ClInclude>
    <ClInclude Include="AppCore\Shader.h">
      <Filter>소스 파일</Filter>
    </ClInclude>
    <ClInclude Include="RenderPass\SVGF\SVGFPass.h">
      <Filter>RenderPass\SVGF</Filter>
    </ClInclude>
    <ClInclude Include="AppCore\HeapData.h">
      <Filter>dx12</Filter>
    </ClInclude>
    <ClInclude Include="RenderPass\Tonemap\ToneMapper.h">
      <Filter>RenderPass\Tonemapper</Filter>
    </ClInclude>
    <ClInclude Include="ImGuiManager.h">
      <Filter>소스 파일</Filter>
    </ClInclude>
    <ClInclude Include="..\Framework\Externals\imgui\imconfig.h">
      <Filter>External\imgui</Filter>
    </ClInclude>
    <ClInclude Include="..\Framework\Externals\imgui\imgui.h">
      <Filter>External\imgui</Filter>
    </ClInclude>
    <ClInclude Include="..\Framework\Externals\imgui\imgui_internal.h">
      <Filter>External\imgui</Filter>
    </ClInclude>
    <ClInclude Include="..\Framework\Externals\imgui\imstb_rectpack.h">
      <Filter>External\imgui</Filter>
    </ClInclude>
    <ClInclude Include="..\Framework\Externals\imgui\imstb_textedit.h">
      <Filter>External\imgui</Filter>
    </ClInclude>
    <ClInclude Include="..\Framework\Externals\imgui\imstb_truetype.h">
      <Filter>External\imgui</Filter>
    </ClInclude>
    <ClInclude Include="..\Framework\Externals\imgui\backends\imgui_impl_dx12.h">
      <Filter>External\imgui</Filter>
    </ClInclude>
    <ClInclude Include="..\Framework\Externals\imgui\backends\imgui_impl_win32.h">
      <Filter>External\imgui</Filter>
    </ClInclude>
    <ClInclude Include="Scene\Scene.h">
      <Filter>Core\Scene</Filter>
    </ClInclude>
    <ClInclude Include="AppCore\SceneResourceManager.h">
      <Filter>Core\Scene</Filter>
    </ClInclude>
    <ClInclude Include="RenderPass\ReSTIR\ReSTIR.h">
      <Filter>헤더 파일</Filter>
    </ClInclude>
    <ClInclude Include="RenderPass\PathTracer\PathTracer.h">
      <Filter>헤더 파일</Filter>
    </ClInclude>
    <ClInclude Include="DX12\DX12StateSubobjects.h">
      <Filter>헤더 파일</Filter>
    </ClInclude>
    <ClInclude Include="AppCore\SceneAccelerationStructure.h">
      <Filter>헤더 파일</Filter>
    </ClInclude>
    <ClInclude Include="RenderPass\RenderPass.h">
      <Filter>헤더 파일</Filter>
    </ClInclude>
    <ClInclude Include="RenderPass\BlendPass\BlendPass.h">
      <Filter>헤더 파일</Filter>
    </ClInclude>
    <ClInclude Include="RenderPass\FXAA\FXAA.h">
      <Filter>헤더 파일</Filter>
    </ClInclude>
    <ClInclude Include="External\stb_image_write.h">
      <Filter>헤더 파일</Filter>
    </ClInclude>
    <ClInclude Include="RenderPass\RELAX\RELAXPass.h">
      <Filter>헤더 파일</Filter>
    </ClInclude>
    <ClInclude Include="RenderPass\ModulateIllumination\ModulateIllumination.h">
      <Filter>헤더 파일</Filter>
    </ClInclude>
    <ClInclude Include="RenderPass\NRDDeltaReflectionMotionVector\NRDDeltaReflectionMotionVector.h">
      <Filter>헤더 파일</Filter>
    </ClInclude>
    <ClInclude Include="RenderPass\MotionVector\MotionVector.h">
      <Filter>헤더 파일</Filter>
    </ClInclude>
    <ClInclude Include="Scene\BSDF\BSDFLobes.h">
      <Filter>헤더 파일</Filter>
    </ClInclude>
    <ClInclude Include="RenderPass\NRDDeltaTransmissionMotionVector\NRDDeltaTransmissionMotionVector.h">
      <Filter>헤더 파일</Filter>
    </ClInclude>
    <ClInclude Include="RenderPass\DepthDerivative\DepthDerivativePass.h">
      <Filter>헤더 파일</Filter>
    </ClInclude>
    <ClInclude Include="RenderPass\RELAXSpecular\RELAXSpecularPass.h">
      <Filter>헤더 파일</Filter>
    </ClInclude>
  </ItemGroup>
  <ItemGroup>
    <None Include="RenderPass\Core\Common\MathUtils.hlsli">
      <Filter>RenderPass\PathTracer</Filter>
    </None>
    <None Include="RenderPass\PathTracer\PathTracerConstants.hlsli">
      <Filter>RenderPass\PathTracer</Filter>
    </None>
    <None Include="RenderPass\Core\BSDF\BSDF.hlsli">
      <Filter>RenderPass\PathTracer</Filter>
    </None>
    <None Include="RenderPass\Core\Light\LightSampling.hlsli">
      <Filter>RenderPass\PathTracer</Filter>
    </None>
    <None Include="RenderPass\Core\BSDF\Fresnel.hlsli">
      <Filter>RenderPass\PathTracer</Filter>
    </None>
    <None Include="RenderPass\Core\BSDF\Microfacet.hlsli">
      <Filter>RenderPass\PathTracer</Filter>
    </None>
    <None Include="..\README.md">
      <Filter>markdown</Filter>
    </None>
    <None Include="..\WorkProgress.md">
      <Filter>markdown</Filter>
    </None>
    <None Include="RenderPass\SVGF\SVGFCommon.hlsli">
      <Filter>RenderPass\SVGF</Filter>
    </None>
    <None Include="RenderPass\ReSTIR\ReSTIRInitTemporal.hlsli" />
    <None Include="RenderPass\Core\Common\ColorHelpers.hlsli" />
    <None Include="RenderPass\Tonemap\TonemapParams.hlsli" />
    <None Include="RenderPass\Core\Common\CommonStructs.hlsli" />
    <None Include="RenderPass\Core\Common\Constants.hlsli" />
    <None Include="RenderPass\Core\Common\EvalUtils.hlsli" />
    <None Include="RenderPass\Core\Common\DescriptorTable.hlsli" />
    <None Include="RenderPass\Core\stdafx.hlsli" />
    <None Include="RenderPass\SVGF\SVGFDepthDerivative.hlsl" />
    <None Include="RenderPass\Core\BSDF\RoughPlastic.hlsli" />
    <None Include="RenderPass\Core\BSDF\BSDFLobes.hlsli" />
    <None Include="RenderPass\Core\BSDF\BSDFUtils.hlsli" />
  </ItemGroup>
  <ItemGroup>
    <FxCompile Include="RenderPass\PathTracer\PathTracerMinimal.hlsl">
      <Filter>RenderPass\PathTracer</Filter>
    </FxCompile>
    <FxCompile Include="RenderPass\QuadVertexShader.hlsl">
      <Filter>RenderPass\Postprocessing</Filter>
    </FxCompile>
    <FxCompile Include="RenderPass\SVGF\SVGFMotionVector.hlsl">
      <Filter>RenderPass\SVGF</Filter>
    </FxCompile>
    <FxCompile Include="RenderPass\SVGF\SVGFReconstruction.hlsl">
      <Filter>RenderPass\SVGF</Filter>
    </FxCompile>
    <FxCompile Include="RenderPass\SVGF\SVGFTemporalAccumulation.hlsl">
      <Filter>RenderPass\SVGF</Filter>
    </FxCompile>
    <FxCompile Include="RenderPass\SVGF\SVGFATrousWavelet.hlsl">
      <Filter>RenderPass\SVGF</Filter>
    </FxCompile>
    <FxCompile Include="RenderPass\SVGF\SVGFFilterVariance.hlsl">
      <Filter>RenderPass\SVGF</Filter>
    </FxCompile>
    <FxCompile Include="RenderPass\Tonemap\Tonemap.hlsl">
      <Filter>RenderPass\Tonemapper</Filter>
    </FxCompile>
    <FxCompile Include="RenderPass\PathTracer\PathTracer.hlsl">
      <Filter>RenderPass\ReSTIR</Filter>
    </FxCompile>
    <FxCompile Include="RenderPass\ReSTIR\ReSTIRSpatialReuse.hlsl" />
    <FxCompile Include="RenderPass\DepthDerivative\DepthDerivative.hlsl" />
    <FxCompile Include="RenderPass\MotionVector\MotionVector.hlsl" />
    <FxCompile Include="RenderPass\RELAX\RELAXOFFICIAL.hlsl" />
    <FxCompile Include="RenderPass\ModulateIllumination\ModulateIllumination.hlsl" />
    <FxCompile Include="RenderPass\NRDDeltaReflectionMotionVector\NRDDeltaReflectionMotionVector.hlsl" />
    <FxCompile Include="RenderPass\NRDDeltaTransmissionMotionVector\NRDDeltaTransmissionMotionVector.hlsl" />
  </ItemGroup>
</Project>